# This file is automatically @generated by Cargo.
# It is not intended for manual editing.
version = 4

[[package]]
name = "contradict"
version = "0.1.0"

[[package]]
name = "logicbridge"
version = "0.1.0"

[[package]]
name = "neuralpred"
version = "0.1.0"

[[package]]
name = "reason-runtime"
version = "0.1.0"

[[package]]
name = "reasonbench"
version = "0.1.0"

[[package]]
name = "reasonflow"
version = "0.1.0"

[[package]]
name = "reasontest"
version = "0.1.0"
